// !$*UTF8*$!
{
	archiveVersion = 1;
	classes = {
	};
	objectVersion = 55;
	objects = {

/* Begin PBXBuildFile section */
		BD95355227AFE99E00CF5505 /* AppDelegate.swift in Sources */ = {isa = PBXBuildFile; fileRef = BD95355127AFE99E00CF5505 /* AppDelegate.swift */; };
		BD95355427AFE99E00CF5505 /* SceneDelegate.swift in Sources */ = {isa = PBXBuildFile; fileRef = BD95355327AFE99E00CF5505 /* SceneDelegate.swift */; };
		BD95355B27AFE9A000CF5505 /* Assets.xcassets in Resources */ = {isa = PBXBuildFile; fileRef = BD95355A27AFE9A000CF5505 /* Assets.xcassets */; };
		BD95355E27AFE9A000CF5505 /* LaunchScreen.storyboard in Resources */ = {isa = PBXBuildFile; fileRef = BD95355C27AFE9A000CF5505 /* LaunchScreen.storyboard */; };
		BD95358227AFEC0900CF5505 /* BankCentralTests.swift in Sources */ = {isa = PBXBuildFile; fileRef = BD95358127AFEC0900CF5505 /* BankCentralTests.swift */; };
/* End PBXBuildFile section */

/* Begin PBXContainerItemProxy section */
		BD95356527AFE9A000CF5505 /* PBXContainerItemProxy */ = {
			isa = PBXContainerItemProxy;
			containerPortal = BD95354627AFE99E00CF5505 /* Project object */;
			proxyType = 1;
			remoteGlobalIDString = BD95354D27AFE99E00CF5505;
			remoteInfo = BankCentral;
		};
		BD95356F27AFE9A000CF5505 /* PBXContainerItemProxy */ = {
			isa = PBXContainerItemProxy;
			containerPortal = BD95354627AFE99E00CF5505 /* Project object */;
			proxyType = 1;
			remoteGlobalIDString = BD95354D27AFE99E00CF5505;
			remoteInfo = BankCentral;
		};
/* End PBXContainerItemProxy section */

/* Begin PBXFileReference section */
		BD95354E27AFE99E00CF5505 /* BankCentral.app */ = {isa = PBXFileReference; explicitFileType = wrapper.application; includeInIndex = 0; path = BankCentral.app; sourceTree = BUILT_PRODUCTS_DIR; };
		BD95355127AFE99E00CF5505 /* AppDelegate.swift */ = {isa = PBXFileReference; lastKnownFileType = sourcecode.swift; path = AppDelegate.swift; sourceTree = "<group>"; };
		BD95355327AFE99E00CF5505 /* SceneDelegate.swift */ = {isa = PBXFileReference; lastKnownFileType = sourcecode.swift; path = SceneDelegate.swift; sourceTree = "<group>"; };
		BD95355A27AFE9A000CF5505 /* Assets.xcassets */ = {isa = PBXFileReference; lastKnownFileType = folder.assetcatalog; path = Assets.xcassets; sourceTree = "<group>"; };
		BD95355D27AFE9A000CF5505 /* Base */ = {isa = PBXFileReference; lastKnownFileType = file.storyboard; name = Base; path = Base.lproj/LaunchScreen.storyboard; sourceTree = "<group>"; };
		BD95355F27AFE9A000CF5505 /* Info.plist */ = {isa = PBXFileReference; lastKnownFileType = text.plist.xml; path = Info.plist; sourceTree = "<group>"; };
		BD95356427AFE9A000CF5505 /* BankCentralTests.xctest */ = {isa = PBXFileReference; explicitFileType = wrapper.cfbundle; includeInIndex = 0; path = BankCentralTests.xctest; sourceTree = BUILT_PRODUCTS_DIR; };
		BD95356E27AFE9A000CF5505 /* BankCentralUITests.xctest */ = {isa = PBXFileReference; explicitFileType = wrapper.cfbundle; includeInIndex = 0; path = BankCentralUITests.xctest; sourceTree = BUILT_PRODUCTS_DIR; };
		BD95358127AFEC0900CF5505 /* BankCentralTests.swift */ = {isa = PBXFileReference; lastKnownFileType = sourcecode.swift; path = BankCentralTests.swift; sourceTree = "<group>"; };
/* End PBXFileReference section */

/* Begin PBXFrameworksBuildPhase section */
		BD95354B27AFE99E00CF5505 /* Frameworks */ = {
			isa = PBXFrameworksBuildPhase;
			buildActionMask = 2147483647;
			files = (
			);
			runOnlyForDeploymentPostprocessing = 0;
		};
		BD95356127AFE9A000CF5505 /* Frameworks */ = {
			isa = PBXFrameworksBuildPhase;
			buildActionMask = 2147483647;
			files = (
			);
			runOnlyForDeploymentPostprocessing = 0;
		};
		BD95356B27AFE9A000CF5505 /* Frameworks */ = {
			isa = PBXFrameworksBuildPhase;
			buildActionMask = 2147483647;
			files = (
			);
			runOnlyForDeploymentPostprocessing = 0;
		};
/* End PBXFrameworksBuildPhase section */

/* Begin PBXGroup section */
		BD95354527AFE99E00CF5505 = {
			isa = PBXGroup;
			children = (
				BD95355027AFE99E00CF5505 /* BankCentral */,
				BD95356727AFE9A000CF5505 /* BankCentralTests */,
				BD95354F27AFE99E00CF5505 /* Products */,
			);
			sourceTree = "<group>";
		};
		BD95354F27AFE99E00CF5505 /* Products */ = {
			isa = PBXGroup;
			children = (
				BD95354E27AFE99E00CF5505 /* BankCentral.app */,
				BD95356427AFE9A000CF5505 /* BankCentralTests.xctest */,
				BD95356E27AFE9A000CF5505 /* BankCentralUITests.xctest */,
			);
			name = Products;
			sourceTree = "<group>";
		};
		BD95355027AFE99E00CF5505 /* BankCentral */ = {
			isa = PBXGroup;
			children = (
				BD95355127AFE99E00CF5505 /* AppDelegate.swift */,
				BD95355327AFE99E00CF5505 /* SceneDelegate.swift */,
				BD95358327AFEC6E00CF5505 /* Supporting Files */,
			);
			path = BankCentral;
			sourceTree = "<group>";
		};
		BD95356727AFE9A000CF5505 /* BankCentralTests */ = {
			isa = PBXGroup;
			children = (
				BD95358127AFEC0900CF5505 /* BankCentralTests.swift */,
			);
			path = BankCentralTests;
			sourceTree = "<group>";
		};
		BD95358327AFEC6E00CF5505 /* Supporting Files */ = {
			isa = PBXGroup;
			children = (
				BD95355A27AFE9A000CF5505 /* Assets.xcassets */,
				BD95355C27AFE9A000CF5505 /* LaunchScreen.storyboard */,
				BD95355F27AFE9A000CF5505 /* Info.plist */,
			);
			path = "Supporting Files";
			sourceTree = "<group>";
		};
/* End PBXGroup section */

/* Begin PBXNativeTarget section */
		BD95354D27AFE99E00CF5505 /* BankCentral */ = {
			isa = PBXNativeTarget;
			buildConfigurationList = BD95357827AFE9A000CF5505 /* Build configuration list for PBXNativeTarget "BankCentral" */;
			buildPhases = (
				BD95354A27AFE99E00CF5505 /* Sources */,
				BD95354B27AFE99E00CF5505 /* Frameworks */,
				BD95354C27AFE99E00CF5505 /* Resources */,
			);
			buildRules = (
			);
			dependencies = (
			);
			name = BankCentral;
			productName = BankCentral;
			productReference = BD95354E27AFE99E00CF5505 /* BankCentral.app */;
			productType = "com.apple.product-type.application";
		};
		BD95356327AFE9A000CF5505 /* BankCentralTests */ = {
			isa = PBXNativeTarget;
			buildConfigurationList = BD95357B27AFE9A000CF5505 /* Build configuration list for PBXNativeTarget "BankCentralTests" */;
			buildPhases = (
				BD95356027AFE9A000CF5505 /* Sources */,
				BD95356127AFE9A000CF5505 /* Frameworks */,
				BD95356227AFE9A000CF5505 /* Resources */,
			);
			buildRules = (
			);
			dependencies = (
				BD95356627AFE9A000CF5505 /* PBXTargetDependency */,
			);
			name = BankCentralTests;
			productName = BankCentralTests;
			productReference = BD95356427AFE9A000CF5505 /* BankCentralTests.xctest */;
			productType = "com.apple.product-type.bundle.unit-test";
		};
		BD95356D27AFE9A000CF5505 /* BankCentralUITests */ = {
			isa = PBXNativeTarget;
			buildConfigurationList = BD95357E27AFE9A000CF5505 /* Build configuration list for PBXNativeTarget "BankCentralUITests" */;
			buildPhases = (
				BD95356A27AFE9A000CF5505 /* Sources */,
				BD95356B27AFE9A000CF5505 /* Frameworks */,
				BD95356C27AFE9A000CF5505 /* Resources */,
			);
			buildRules = (
			);
			dependencies = (
				BD95357027AFE9A000CF5505 /* PBXTargetDependency */,
			);
			name = BankCentralUITests;
			productName = BankCentralUITests;
			productReference = BD95356E27AFE9A000CF5505 /* BankCentralUITests.xctest */;
			productType = "com.apple.product-type.bundle.ui-testing";
		};
/* End PBXNativeTarget section */

/* Begin PBXProject section */
		BD95354627AFE99E00CF5505 /* Project object */ = {
			isa = PBXProject;
			attributes = {
				BuildIndependentTargetsInParallel = 1;
				LastSwiftUpdateCheck = 1320;
				LastUpgradeCheck = 1320;
				TargetAttributes = {
					BD95354D27AFE99E00CF5505 = {
						CreatedOnToolsVersion = 13.2.1;
					};
					BD95356327AFE9A000CF5505 = {
						CreatedOnToolsVersion = 13.2.1;
						LastSwiftMigration = 1320;
						TestTargetID = BD95354D27AFE99E00CF5505;
					};
					BD95356D27AFE9A000CF5505 = {
						CreatedOnToolsVersion = 13.2.1;
						TestTargetID = BD95354D27AFE99E00CF5505;
					};
				};
			};
			buildConfigurationList = BD95354927AFE99E00CF5505 /* Build configuration list for PBXProject "BankCentral" */;
			compatibilityVersion = "Xcode 13.0";
			developmentRegion = en;
			hasScannedForEncodings = 0;
			knownRegions = (
				en,
				Base,
			);
			mainGroup = BD95354527AFE99E00CF5505;
			productRefGroup = BD95354F27AFE99E00CF5505 /* Products */;
			projectDirPath = "";
			projectRoot = "";
			targets = (
				BD95354D27AFE99E00CF5505 /* BankCentral */,
				BD95356327AFE9A000CF5505 /* BankCentralTests */,
				BD95356D27AFE9A000CF5505 /* BankCentralUITests */,
			);
		};
/* End PBXProject section */

/* Begin PBXResourcesBuildPhase section */
		BD95354C27AFE99E00CF5505 /* Resources */ = {
			isa = PBXResourcesBuildPhase;
			buildActionMask = 2147483647;
			files = (
				BD95355E27AFE9A000CF5505 /* LaunchScreen.storyboard in Resources */,
				BD95355B27AFE9A000CF5505 /* Assets.xcassets in Resources */,
			);
			runOnlyForDeploymentPostprocessing = 0;
		};
		BD95356227AFE9A000CF5505 /* Resources */ = {
			isa = PBXResourcesBuildPhase;
			buildActionMask = 2147483647;
			files = (
			);
			runOnlyForDeploymentPostprocessing = 0;
		};
		BD95356C27AFE9A000CF5505 /* Resources */ = {
			isa = PBXResourcesBuildPhase;
			buildActionMask = 2147483647;
			files = (
			);
			runOnlyForDeploymentPostprocessing = 0;
		};
/* End PBXResourcesBuildPhase section */

/* Begin PBXSourcesBuildPhase section */
		BD95354A27AFE99E00CF5505 /* Sources */ = {
			isa = PBXSourcesBuildPhase;
			buildActionMask = 2147483647;
			files = (
				BD95355227AFE99E00CF5505 /* AppDelegate.swift in Sources */,
				BD95355427AFE99E00CF5505 /* SceneDelegate.swift in Sources */,
			);
			runOnlyForDeploymentPostprocessing = 0;
		};
		BD95356027AFE9A000CF5505 /* Sources */ = {
			isa = PBXSourcesBuildPhase;
			buildActionMask = 2147483647;
			files = (
				BD95358227AFEC0900CF5505 /* BankCentralTests.swift in Sources */,
			);
			runOnlyForDeploymentPostprocessing = 0;
		};
		BD95356A27AFE9A000CF5505 /* Sources */ = {
			isa = PBXSourcesBuildPhase;
			buildActionMask = 2147483647;
			files = (
			);
			runOnlyForDeploymentPostprocessing = 0;
		};
/* End PBXSourcesBuildPhase section */

/* Begin PBXTargetDependency section */
		BD95356627AFE9A000CF5505 /* PBXTargetDependency */ = {
			isa = PBXTargetDependency;
			target = BD95354D27AFE99E00CF5505 /* BankCentral */;
			targetProxy = BD95356527AFE9A000CF5505 /* PBXContainerItemProxy */;
		};
		BD95357027AFE9A000CF5505 /* PBXTargetDependency */ = {
			isa = PBXTargetDependency;
			target = BD95354D27AFE99E00CF5505 /* BankCentral */;
			targetProxy = BD95356F27AFE9A000CF5505 /* PBXContainerItemProxy */;
		};
/* End PBXTargetDependency section */

/* Begin PBXVariantGroup section */
		BD95355C27AFE9A000CF5505 /* LaunchScreen.storyboard */ = {
			isa = PBXVariantGroup;
			children = (
				BD95355D27AFE9A000CF5505 /* Base */,
			);
			name = LaunchScreen.storyboard;
			sourceTree = "<group>";
		};
/* End PBXVariantGroup section */

/* Begin XCBuildConfiguration section */
		BD95357627AFE9A000CF5505 /* Debug */ = {
			isa = XCBuildConfiguration;
			buildSettings = {
				ALWAYS_SEARCH_USER_PATHS = NO;
				CLANG_ANALYZER_NONNULL = YES;
				CLANG_ANALYZER_NUMBER_OBJECT_CONVERSION = YES_AGGRESSIVE;
				CLANG_CXX_LANGUAGE_STANDARD = "gnu++17";
				CLANG_CXX_LIBRARY = "libc++";
				CLANG_ENABLE_MODULES = YES;
				CLANG_ENABLE_OBJC_ARC = YES;
				CLANG_ENABLE_OBJC_WEAK = YES;
				CLANG_WARN_BLOCK_CAPTURE_AUTORELEASING = YES;
				CLANG_WARN_BOOL_CONVERSION = YES;
				CLANG_WARN_COMMA = YES;
				CLANG_WARN_CONSTANT_CONVERSION = YES;
				CLANG_WARN_DEPRECATED_OBJC_IMPLEMENTATIONS = YES;
				CLANG_WARN_DIRECT_OBJC_ISA_USAGE = YES_ERROR;
				CLANG_WARN_DOCUMENTATION_COMMENTS = YES;
				CLANG_WARN_EMPTY_BODY = YES;
				CLANG_WARN_ENUM_CONVERSION = YES;
				CLANG_WARN_INFINITE_RECURSION = YES;
				CLANG_WARN_INT_CONVERSION = YES;
				CLANG_WARN_NON_LITERAL_NULL_CONVERSION = YES;
				CLANG_WARN_OBJC_IMPLICIT_RETAIN_SELF = YES;
				CLANG_WARN_OBJC_LITERAL_CONVERSION = YES;
				CLANG_WARN_OBJC_ROOT_CLASS = YES_ERROR;
				CLANG_WARN_QUOTED_INCLUDE_IN_FRAMEWORK_HEADER = YES;
				CLANG_WARN_RANGE_LOOP_ANALYSIS = YES;
				CLANG_WARN_STRICT_PROTOTYPES = YES;
				CLANG_WARN_SUSPICIOUS_MOVE = YES;
				CLANG_WARN_UNGUARDED_AVAILABILITY = YES_AGGRESSIVE;
				CLANG_WARN_UNREACHABLE_CODE = YES;
				CLANG_WARN__DUPLICATE_METHOD_MATCH = YES;
				COPY_PHASE_STRIP = NO;
				DEBUG_INFORMATION_FORMAT = dwarf;
				ENABLE_STRICT_OBJC_MSGSEND = YES;
				ENABLE_TESTABILITY = YES;
				GCC_C_LANGUAGE_STANDARD = gnu11;
				GCC_DYNAMIC_NO_PIC = NO;
				GCC_NO_COMMON_BLOCKS = YES;
				GCC_OPTIMIZATION_LEVEL = 0;
				GCC_PREPROCESSOR_DEFINITIONS = (
					"DEBUG=1",
					"$(inherited)",
				);
				GCC_WARN_64_TO_32_BIT_CONVERSION = YES;
				GCC_WARN_ABOUT_RETURN_TYPE = YES_ERROR;
				GCC_WARN_UNDECLARED_SELECTOR = YES;
				GCC_WARN_UNINITIALIZED_AUTOS = YES_AGGRESSIVE;
				GCC_WARN_UNUSED_FUNCTION = YES;
				GCC_WARN_UNUSED_VARIABLE = YES;
				IPHONEOS_DEPLOYMENT_TARGET = 15.2;
				MTL_ENABLE_DEBUG_INFO = INCLUDE_SOURCE;
				MTL_FAST_MATH = YES;
				ONLY_ACTIVE_ARCH = YES;
				SDKROOT = iphoneos;
				SWIFT_ACTIVE_COMPILATION_CONDITIONS = DEBUG;
				SWIFT_OPTIMIZATION_LEVEL = "-Onone";
			};
			name = Debug;
		};
		BD95357727AFE9A000CF5505 /* Release */ = {
			isa = XCBuildConfiguration;
			buildSettings = {
				ALWAYS_SEARCH_USER_PATHS = NO;
				CLANG_ANALYZER_NONNULL = YES;
				CLANG_ANALYZER_NUMBER_OBJECT_CONVERSION = YES_AGGRESSIVE;
				CLANG_CXX_LANGUAGE_STANDARD = "gnu++17";
				CLANG_CXX_LIBRARY = "libc++";
				CLANG_ENABLE_MODULES = YES;
				CLANG_ENABLE_OBJC_ARC = YES;
				CLANG_ENABLE_OBJC_WEAK = YES;
				CLANG_WARN_BLOCK_CAPTURE_AUTORELEASING = YES;
				CLANG_WARN_BOOL_CONVERSION = YES;
				CLANG_WARN_COMMA = YES;
				CLANG_WARN_CONSTANT_CONVERSION = YES;
				CLANG_WARN_DEPRECATED_OBJC_IMPLEMENTATIONS = YES;
				CLANG_WARN_DIRECT_OBJC_ISA_USAGE = YES_ERROR;
				CLANG_WARN_DOCUMENTATION_COMMENTS = YES;
				CLANG_WARN_EMPTY_BODY = YES;
				CLANG_WARN_ENUM_CONVERSION = YES;
				CLANG_WARN_INFINITE_RECURSION = YES;
				CLANG_WARN_INT_CONVERSION = YES;
				CLANG_WARN_NON_LITERAL_NULL_CONVERSION = YES;
				CLANG_WARN_OBJC_IMPLICIT_RETAIN_SELF = YES;
				CLANG_WARN_OBJC_LITERAL_CONVERSION = YES;
				CLANG_WARN_OBJC_ROOT_CLASS = YES_ERROR;
				CLANG_WARN_QUOTED_INCLUDE_IN_FRAMEWORK_HEADER = YES;
				CLANG_WARN_RANGE_LOOP_ANALYSIS = YES;
				CLANG_WARN_STRICT_PROTOTYPES = YES;
				CLANG_WARN_SUSPICIOUS_MOVE = YES;
				CLANG_WARN_UNGUARDED_AVAILABILITY = YES_AGGRESSIVE;
				CLANG_WARN_UNREACHABLE_CODE = YES;
				CLANG_WARN__DUPLICATE_METHOD_MATCH = YES;
				COPY_PHASE_STRIP = NO;
				DEBUG_INFORMATION_FORMAT = "dwarf-with-dsym";
				ENABLE_NS_ASSERTIONS = NO;
				ENABLE_STRICT_OBJC_MSGSEND = YES;
				GCC_C_LANGUAGE_STANDARD = gnu11;
				GCC_NO_COMMON_BLOCKS = YES;
				GCC_WARN_64_TO_32_BIT_CONVERSION = YES;
				GCC_WARN_ABOUT_RETURN_TYPE = YES_ERROR;
				GCC_WARN_UNDECLARED_SELECTOR = YES;
				GCC_WARN_UNINITIALIZED_AUTOS = YES_AGGRESSIVE;
				GCC_WARN_UNUSED_FUNCTION = YES;
				GCC_WARN_UNUSED_VARIABLE = YES;
				IPHONEOS_DEPLOYMENT_TARGET = 15.2;
				MTL_ENABLE_DEBUG_INFO = NO;
				MTL_FAST_MATH = YES;
				SDKROOT = iphoneos;
				SWIFT_COMPILATION_MODE = wholemodule;
				SWIFT_OPTIMIZATION_LEVEL = "-O";
				VALIDATE_PRODUCT = YES;
			};
			name = Release;
		};
		BD95357927AFE9A000CF5505 /* Debug */ = {
			isa = XCBuildConfiguration;
			buildSettings = {
				ASSETCATALOG_COMPILER_APPICON_NAME = AppIcon;
				ASSETCATALOG_COMPILER_GLOBAL_ACCENT_COLOR_NAME = AccentColor;
				CODE_SIGN_STYLE = Automatic;
				CURRENT_PROJECT_VERSION = 1;
				GENERATE_INFOPLIST_FILE = YES;
				INFOPLIST_FILE = BankCentral/Info.plist;
				INFOPLIST_KEY_UIApplicationSupportsIndirectInputEvents = YES;
				INFOPLIST_KEY_UILaunchStoryboardName = LaunchScreen;
				INFOPLIST_KEY_UISupportedInterfaceOrientations_iPad = "UIInterfaceOrientationPortrait UIInterfaceOrientationPortraitUpsideDown UIInterfaceOrientationLandscapeLeft UIInterfaceOrientationLandscapeRight";
				INFOPLIST_KEY_UISupportedInterfaceOrientations_iPhone = "UIInterfaceOrientationPortrait UIInterfaceOrientationLandscapeLeft UIInterfaceOrientationLandscapeRight";
				LD_RUNPATH_SEARCH_PATHS = (
					"$(inherited)",
					"@executable_path/Frameworks",
				);
				MARKETING_VERSION = 1.0;
				PRODUCT_BUNDLE_IDENTIFIER = com.benzgideon.BankCentral;
				PRODUCT_NAME = "$(TARGET_NAME)";
				SWIFT_EMIT_LOC_STRINGS = YES;
				SWIFT_VERSION = 5.0;
				TARGETED_DEVICE_FAMILY = "1,2";
			};
			name = Debug;
		};
		BD95357A27AFE9A000CF5505 /* Release */ = {
			isa = XCBuildConfiguration;
			buildSettings = {
				ASSETCATALOG_COMPILER_APPICON_NAME = AppIcon;
				ASSETCATALOG_COMPILER_GLOBAL_ACCENT_COLOR_NAME = AccentColor;
				CODE_SIGN_STYLE = Automatic;
				CURRENT_PROJECT_VERSION = 1;
				GENERATE_INFOPLIST_FILE = YES;
				INFOPLIST_FILE = BankCentral/Info.plist;
				INFOPLIST_KEY_UIApplicationSupportsIndirectInputEvents = YES;
				INFOPLIST_KEY_UILaunchStoryboardName = LaunchScreen;
				INFOPLIST_KEY_UISupportedInterfaceOrientations_iPad = "UIInterfaceOrientationPortrait UIInterfaceOrientationPortraitUpsideDown UIInterfaceOrientationLandscapeLeft UIInterfaceOrientationLandscapeRight";
				INFOPLIST_KEY_UISupportedInterfaceOrientations_iPhone = "UIInterfaceOrientationPortrait UIInterfaceOrientationLandscapeLeft UIInterfaceOrientationLandscapeRight";
				LD_RUNPATH_SEARCH_PATHS = (
					"$(inherited)",
					"@executable_path/Frameworks",
				);
				MARKETING_VERSION = 1.0;
				PRODUCT_BUNDLE_IDENTIFIER = com.benzgideon.BankCentral;
				PRODUCT_NAME = "$(TARGET_NAME)";
				SWIFT_EMIT_LOC_STRINGS = YES;
				SWIFT_VERSION = 5.0;
				TARGETED_DEVICE_FAMILY = "1,2";
			};
			name = Release;
		};
		BD95357C27AFE9A000CF5505 /* Debug */ = {
			isa = XCBuildConfiguration;
			buildSettings = {
				ALWAYS_EMBED_SWIFT_STANDARD_LIBRARIES = YES;
				BUNDLE_LOADER = "$(TEST_HOST)";
				CLANG_ENABLE_MODULES = YES;
				CODE_SIGN_STYLE = Automatic;
				CURRENT_PROJECT_VERSION = 1;
				GENERATE_INFOPLIST_FILE = YES;
				IPHONEOS_DEPLOYMENT_TARGET = 15.2;
				LD_RUNPATH_SEARCH_PATHS = (
					"$(inherited)",
					"@executable_path/Frameworks",
					"@loader_path/Frameworks",
				);
				MARKETING_VERSION = 1.0;
				PRODUCT_BUNDLE_IDENTIFIER = com.benzgideon.BankCentralTests;
				PRODUCT_NAME = "$(TARGET_NAME)";
				SWIFT_EMIT_LOC_STRINGS = NO;
				SWIFT_OPTIMIZATION_LEVEL = "-Onone";
				SWIFT_VERSION = 5.0;
				TARGETED_DEVICE_FAMILY = "1,2";
				TEST_HOST = "$(BUILT_PRODUCTS_DIR)/BankCentral.app/BankCentral";
			};
			name = Debug;
		};
		BD95357D27AFE9A000CF5505 /* Release */ = {
			isa = XCBuildConfiguration;
			buildSettings = {
				ALWAYS_EMBED_SWIFT_STANDARD_LIBRARIES = YES;
				BUNDLE_LOADER = "$(TEST_HOST)";
				CLANG_ENABLE_MODULES = YES;
				CODE_SIGN_STYLE = Automatic;
				CURRENT_PROJECT_VERSION = 1;
				GENERATE_INFOPLIST_FILE = YES;
				IPHONEOS_DEPLOYMENT_TARGET = 15.2;
				LD_RUNPATH_SEARCH_PATHS = (
					"$(inherited)",
					"@executable_path/Frameworks",
					"@loader_path/Frameworks",
				);
				MARKETING_VERSION = 1.0;
				PRODUCT_BUNDLE_IDENTIFIER = com.benzgideon.BankCentralTests;
				PRODUCT_NAME = "$(TARGET_NAME)";
				SWIFT_EMIT_LOC_STRINGS = NO;
				SWIFT_VERSION = 5.0;
				TARGETED_DEVICE_FAMILY = "1,2";
				TEST_HOST = "$(BUILT_PRODUCTS_DIR)/BankCentral.app/BankCentral";
			};
			name = Release;
		};
		BD95357F27AFE9A000CF5505 /* Debug */ = {
			isa = XCBuildConfiguration;
			buildSettings = {
				ALWAYS_EMBED_SWIFT_STANDARD_LIBRARIES = YES;
				CODE_SIGN_STYLE = Automatic;
				CURRENT_PROJECT_VERSION = 1;
				GENERATE_INFOPLIST_FILE = YES;
				MARKETING_VERSION = 1.0;
				PRODUCT_BUNDLE_IDENTIFIER = com.benzgideon.BankCentralUITests;
				PRODUCT_NAME = "$(TARGET_NAME)";
				SWIFT_EMIT_LOC_STRINGS = NO;
				SWIFT_VERSION = 5.0;
				TARGETED_DEVICE_FAMILY = "1,2";
				TEST_TARGET_NAME = BankCentral;
			};
			name = Debug;
		};
		BD95358027AFE9A000CF5505 /* Release */ = {
			isa = XCBuildConfiguration;
			buildSettings = {
				ALWAYS_EMBED_SWIFT_STANDARD_LIBRARIES = YES;
				CODE_SIGN_STYLE = Automatic;
				CURRENT_PROJECT_VERSION = 1;
				GENERATE_INFOPLIST_FILE = YES;
				MARKETING_VERSION = 1.0;
				PRODUCT_BUNDLE_IDENTIFIER = com.benzgideon.BankCentralUITests;
				PRODUCT_NAME = "$(TARGET_NAME)";
				SWIFT_EMIT_LOC_STRINGS = NO;
				SWIFT_VERSION = 5.0;
				TARGETED_DEVICE_FAMILY = "1,2";
				TEST_TARGET_NAME = BankCentral;
			};
			name = Release;
		};
/* End XCBuildConfiguration section */

/* Begin XCConfigurationList section */
		BD95354927AFE99E00CF5505 /* Build configuration list for PBXProject "BankCentral" */ = {
			isa = XCConfigurationList;
			buildConfigurations = (
				BD95357627AFE9A000CF5505 /* Debug */,
				BD95357727AFE9A000CF5505 /* Release */,
			);
			defaultConfigurationIsVisible = 0;
			defaultConfigurationName = Release;
		};
		BD95357827AFE9A000CF5505 /* Build configuration list for PBXNativeTarget "BankCentral" */ = {
			isa = XCConfigurationList;
			buildConfigurations = (
				BD95357927AFE9A000CF5505 /* Debug */,
				BD95357A27AFE9A000CF5505 /* Release */,
			);
			defaultConfigurationIsVisible = 0;
			defaultConfigurationName = Release;
		};
		BD95357B27AFE9A000CF5505 /* Build configuration list for PBXNativeTarget "BankCentralTests" */ = {
			isa = XCConfigurationList;
			buildConfigurations = (
				BD95357C27AFE9A000CF5505 /* Debug */,
				BD95357D27AFE9A000CF5505 /* Release */,
			);
			defaultConfigurationIsVisible = 0;
			defaultConfigurationName = Release;
		};
		BD95357E27AFE9A000CF5505 /* Build configuration list for PBXNativeTarget "BankCentralUITests" */ = {
			isa = XCConfigurationList;
			buildConfigurations = (
				BD95357F27AFE9A000CF5505 /* Debug */,
				BD95358027AFE9A000CF5505 /* Release */,
			);
			defaultConfigurationIsVisible = 0;
			defaultConfigurationName = Release;
		};
/* End XCConfigurationList section */
	};
	rootObject = BD95354627AFE99E00CF5505 /* Project object */;
}
